
Microsoft Visual Studio Solution File, Format Version 12.00
# Visual Studio Version 17
VisualStudioVersion = 17.13.35931.197 d17.13
MinimumVisualStudioVersion = 10.0.40219.1
Project("{FAE04EC0-301F-11D3-BF4B-00C04F79EFBC}") = "TrafficInjector.Plugin", "TrafficInjector.Plugin\TrafficInjector.Plugin.csproj", "{C1F77ACA-B5C2-4FC6-92D4-90566B46B81C}"
EndProject
Global
	GlobalSection(SolutionConfigurationPlatforms) = preSolution
		Debug|Any CPU = Debug|Any CPU
		Release|Any CPU = Release|Any CPU
	EndGlobalSection
	GlobalSection(ProjectConfigurationPlatforms) = postSolution
		{C1F77ACA-B5C2-4FC6-92D4-90566B46B81C}.Debug|Any CPU.ActiveCfg = Debug|Any CPU
		{C1F77ACA-B5C2-4FC6-92D4-90566B46B81C}.Debug|Any CPU.Build.0 = Debug|Any CPU
		{C1F77ACA-B5C2-4FC6-92D4-90566B46B81C}.Release|Any CPU.ActiveCfg = Release|Any CPU
		{C1F77ACA-B5C2-4FC6-92D4-90566B46B81C}.Release|Any CPU.Build.0 = Release|Any CPU
	EndGlobalSection
	GlobalSection(SolutionProperties) = preSolution
		HideSolutionNode = FALSE
	EndGlobalSection
	GlobalSection(ExtensibilityGlobals) = postSolution
		SolutionGuid = {25AA860D-E0E8-4DBB-A96B-CB24E67496C4}
	EndGlobalSection
EndGlobal
